
Microsoft Visual Studio Solution File, Format Version 12.00
# Visual Studio 15
VisualStudioVersion = 15.0.27130.2027
MinimumVisualStudioVersion = 10.0.40219.1
Project("{9A19103F-16F7-4668-BE54-9A1E7A4F7556}") = "Blank Receipt", "Blank Receipt\Blank Receipt.csproj", "{B42510EE-A33A-4E74-91A9-3BE41DF8B757}"
EndProject
Project("{9A19103F-16F7-4668-BE54-9A1E7A4F7556}") = "Sign of Integer Number", "Sign of Integer Number\Sign of Integer Number.csproj", "{04F0E864-84E2-4BE9-A320-2024A20A94DD}"
EndProject
Project("{9A19103F-16F7-4668-BE54-9A1E7A4F7556}") = "Printing Triangle", "Printing Triangle\Printing Triangle.csproj", "{1585B2A2-92B0-4C62-AB4C-9167707A88E8}"
EndProject
Project("{9A19103F-16F7-4668-BE54-9A1E7A4F7556}") = "Draw a Filled Square", "Draw a Filled Square\Draw a Filled Square.csproj", "{DD220280-5168-43A3-BA36-41A165AB12F8}"
EndProject
Project("{9A19103F-16F7-4668-BE54-9A1E7A4F7556}") = "Temperature Conversion", "Temperature Conversion\Temperature Conversion.csproj", "{57E19070-B17F-4AD2-90BD-D3D4B8992612}"
EndProject
Project("{9A19103F-16F7-4668-BE54-9A1E7A4F7556}") = "Calculate Triangle Area", "Calculate Triangle Area\Calculate Triangle Area.csproj", "{ED98DD94-69FA-4E7C-87A8-321985FFD7FE}"
EndProject
Project("{9A19103F-16F7-4668-BE54-9A1E7A4F7556}") = "Math Power", "Math Power\Math Power.csproj", "{B0E96B06-4C07-4B30-B6A6-9DA162DDA096}"
EndProject
Project("{9A19103F-16F7-4668-BE54-9A1E7A4F7556}") = "Greater of Two Values", "Greater of Two Values\Greater of Two Values.csproj", "{0F190E33-CA4D-4E8E-A7D5-C718FAA95EE7}"
EndProject
Project("{FAE04EC0-301F-11D3-BF4B-00C04F79EFBC}") = "Multiply Evens by Odds", "Multiply Evens by Odds\Multiply Evens by Odds.csproj", "{3AC5012A-C07E-4A9D-9257-48C5CDB2A251}"
EndProject
Project("{FAE04EC0-301F-11D3-BF4B-00C04F79EFBC}") = "Holidays Between Two Dates", "Holidays Between Two Dates\Holidays Between Two Dates.csproj", "{66146681-73FC-46FF-B5CA-29B79588D126}"
EndProject
Project("{FAE04EC0-301F-11D3-BF4B-00C04F79EFBC}") = "Price Change Alert", "Price Change Alert\Price Change Alert.csproj", "{F46C3530-BE93-47AD-8E52-1FF7D008C327}"
EndProject
Global
	GlobalSection(SolutionConfigurationPlatforms) = preSolution
		Debug|Any CPU = Debug|Any CPU
		Release|Any CPU = Release|Any CPU
	EndGlobalSection
	GlobalSection(ProjectConfigurationPlatforms) = postSolution
		{B42510EE-A33A-4E74-91A9-3BE41DF8B757}.Debug|Any CPU.ActiveCfg = Debug|Any CPU
		{B42510EE-A33A-4E74-91A9-3BE41DF8B757}.Debug|Any CPU.Build.0 = Debug|Any CPU
		{B42510EE-A33A-4E74-91A9-3BE41DF8B757}.Release|Any CPU.ActiveCfg = Release|Any CPU
		{B42510EE-A33A-4E74-91A9-3BE41DF8B757}.Release|Any CPU.Build.0 = Release|Any CPU
		{04F0E864-84E2-4BE9-A320-2024A20A94DD}.Debug|Any CPU.ActiveCfg = Debug|Any CPU
		{04F0E864-84E2-4BE9-A320-2024A20A94DD}.Debug|Any CPU.Build.0 = Debug|Any CPU
		{04F0E864-84E2-4BE9-A320-2024A20A94DD}.Release|Any CPU.ActiveCfg = Release|Any CPU
		{04F0E864-84E2-4BE9-A320-2024A20A94DD}.Release|Any CPU.Build.0 = Release|Any CPU
		{1585B2A2-92B0-4C62-AB4C-9167707A88E8}.Debug|Any CPU.ActiveCfg = Debug|Any CPU
		{1585B2A2-92B0-4C62-AB4C-9167707A88E8}.Debug|Any CPU.Build.0 = Debug|Any CPU
		{1585B2A2-92B0-4C62-AB4C-9167707A88E8}.Release|Any CPU.ActiveCfg = Release|Any CPU
		{1585B2A2-92B0-4C62-AB4C-9167707A88E8}.Release|Any CPU.Build.0 = Release|Any CPU
		{DD220280-5168-43A3-BA36-41A165AB12F8}.Debug|Any CPU.ActiveCfg = Debug|Any CPU
		{DD220280-5168-43A3-BA36-41A165AB12F8}.Debug|Any CPU.Build.0 = Debug|Any CPU
		{DD220280-5168-43A3-BA36-41A165AB12F8}.Release|Any CPU.ActiveCfg = Release|Any CPU
		{DD220280-5168-43A3-BA36-41A165AB12F8}.Release|Any CPU.Build.0 = Release|Any CPU
		{57E19070-B17F-4AD2-90BD-D3D4B8992612}.Debug|Any CPU.ActiveCfg = Debug|Any CPU
		{57E19070-B17F-4AD2-90BD-D3D4B8992612}.Debug|Any CPU.Build.0 = Debug|Any CPU
		{57E19070-B17F-4AD2-90BD-D3D4B8992612}.Release|Any CPU.ActiveCfg = Release|Any CPU
		{57E19070-B17F-4AD2-90BD-D3D4B8992612}.Release|Any CPU.Build.0 = Release|Any CPU
		{ED98DD94-69FA-4E7C-87A8-321985FFD7FE}.Debug|Any CPU.ActiveCfg = Debug|Any CPU
		{ED98DD94-69FA-4E7C-87A8-321985FFD7FE}.Debug|Any CPU.Build.0 = Debug|Any CPU
		{ED98DD94-69FA-4E7C-87A8-321985FFD7FE}.Release|Any CPU.ActiveCfg = Release|Any CPU
		{ED98DD94-69FA-4E7C-87A8-321985FFD7FE}.Release|Any CPU.Build.0 = Release|Any CPU
		{B0E96B06-4C07-4B30-B6A6-9DA162DDA096}.Debug|Any CPU.ActiveCfg = Debug|Any CPU
		{B0E96B06-4C07-4B30-B6A6-9DA162DDA096}.Debug|Any CPU.Build.0 = Debug|Any CPU
		{B0E96B06-4C07-4B30-B6A6-9DA162DDA096}.Release|Any CPU.ActiveCfg = Release|Any CPU
		{B0E96B06-4C07-4B30-B6A6-9DA162DDA096}.Release|Any CPU.Build.0 = Release|Any CPU
		{0F190E33-CA4D-4E8E-A7D5-C718FAA95EE7}.Debug|Any CPU.ActiveCfg = Debug|Any CPU
		{0F190E33-CA4D-4E8E-A7D5-C718FAA95EE7}.Debug|Any CPU.Build.0 = Debug|Any CPU
		{0F190E33-CA4D-4E8E-A7D5-C718FAA95EE7}.Release|Any CPU.ActiveCfg = Release|Any CPU
		{0F190E33-CA4D-4E8E-A7D5-C718FAA95EE7}.Release|Any CPU.Build.0 = Release|Any CPU
		{3AC5012A-C07E-4A9D-9257-48C5CDB2A251}.Debug|Any CPU.ActiveCfg = Debug|Any CPU
		{3AC5012A-C07E-4A9D-9257-48C5CDB2A251}.Debug|Any CPU.Build.0 = Debug|Any CPU
		{3AC5012A-C07E-4A9D-9257-48C5CDB2A251}.Release|Any CPU.ActiveCfg = Release|Any CPU
		{3AC5012A-C07E-4A9D-9257-48C5CDB2A251}.Release|Any CPU.Build.0 = Release|Any CPU
		{66146681-73FC-46FF-B5CA-29B79588D126}.Debug|Any CPU.ActiveCfg = Debug|Any CPU
		{66146681-73FC-46FF-B5CA-29B79588D126}.Debug|Any CPU.Build.0 = Debug|Any CPU
		{66146681-73FC-46FF-B5CA-29B79588D126}.Release|Any CPU.ActiveCfg = Release|Any CPU
		{66146681-73FC-46FF-B5CA-29B79588D126}.Release|Any CPU.Build.0 = Release|Any CPU
		{F46C3530-BE93-47AD-8E52-1FF7D008C327}.Debug|Any CPU.ActiveCfg = Debug|Any CPU
		{F46C3530-BE93-47AD-8E52-1FF7D008C327}.Debug|Any CPU.Build.0 = Debug|Any CPU
		{F46C3530-BE93-47AD-8E52-1FF7D008C327}.Release|Any CPU.ActiveCfg = Release|Any CPU
		{F46C3530-BE93-47AD-8E52-1FF7D008C327}.Release|Any CPU.Build.0 = Release|Any CPU
	EndGlobalSection
	GlobalSection(SolutionProperties) = preSolution
		HideSolutionNode = FALSE
	EndGlobalSection
	GlobalSection(ExtensibilityGlobals) = postSolution
		SolutionGuid = {3F62908F-5F18-4DC3-A13D-A4C1FBE72491}
	EndGlobalSection
EndGlobal
